Microsoft Visual Studio Solution File, Format Version 12.00
# Visual Studio Version 17
VisualStudioVersion = 17.5.2.0
MinimumVisualStudioVersion = 10.0.40219.1
Project("{FAE04EC0-301F-11D3-BF4B-00C04F79EFBC}") = "week1_intro", "week1_intro.csproj", "{2C21A636-8443-FC3B-A528-90A4A987141F}"
EndProject
Global
	GlobalSection(SolutionConfigurationPlatforms) = preSolution
		Debug|Any CPU = Debug|Any CPU
		Release|Any CPU = Release|Any CPU
	EndGlobalSection
	GlobalSection(ProjectConfigurationPlatforms) = postSolution
		{2C21A636-8443-FC3B-A528-90A4A987141F}.Debug|Any CPU.ActiveCfg = Debug|Any CPU
		{2C21A636-8443-FC3B-A528-90A4A987141F}.Debug|Any CPU.Build.0 = Debug|Any CPU
		{2C21A636-8443-FC3B-A528-90A4A987141F}.Release|Any CPU.ActiveCfg = Release|Any CPU
		{2C21A636-8443-FC3B-A528-90A4A987141F}.Release|Any CPU.Build.0 = Release|Any CPU
	EndGlobalSection
	GlobalSection(SolutionProperties) = preSolution
		HideSolutionNode = FALSE
	EndGlobalSection
	GlobalSection(ExtensibilityGlobals) = postSolution
		SolutionGuid = {9467CFB5-DBBD-4A28-9806-263FEF25B542}
	EndGlobalSection
EndGlobal
